
Microsoft Visual Studio Solution File, Format Version 12.00
# Visual Studio Version 16
VisualStudioVersion = 16.0.30717.126
MinimumVisualStudioVersion = 10.0.40219.1
Project("{FAE04EC0-301F-11D3-BF4B-00C04F79EFBC}") = "Game_project", "Game_project.csproj", "{3F184DDD-985F-444E-85B7-00A30CC46198}"
EndProject
Global
	GlobalSection(SolutionConfigurationPlatforms) = preSolution
		Debug|Any CPU = Debug|Any CPU
		Release|Any CPU = Release|Any CPU
	EndGlobalSection
	GlobalSection(ProjectConfigurationPlatforms) = postSolution
		{3F184DDD-985F-444E-85B7-00A30CC46198}.Debug|Any CPU.ActiveCfg = Debug|Any CPU
		{3F184DDD-985F-444E-85B7-00A30CC46198}.Debug|Any CPU.Build.0 = Debug|Any CPU
		{3F184DDD-985F-444E-85B7-00A30CC46198}.Release|Any CPU.ActiveCfg = Release|Any CPU
		{3F184DDD-985F-444E-85B7-00A30CC46198}.Release|Any CPU.Build.0 = Release|Any CPU
	EndGlobalSection
	GlobalSection(SolutionProperties) = preSolution
		HideSolutionNode = FALSE
	EndGlobalSection
	GlobalSection(ExtensibilityGlobals) = postSolution
		SolutionGuid = {8C015520-2FE4-4D97-BFC5-05720206C5F3}
	EndGlobalSection
EndGlobal
